# THIS IS AN AUTOGENERATED FILE. DO NOT EDIT THIS FILE DIRECTLY.
# yarn lockfile v1


"atguigu_zds@^1.0.0":
  "integrity" "sha512-dsYIBW8F9L0bhRB68ARnJ3Cjjdv0+v4Y+V7d9Kg2ENyciexhZY4IQbTKi234bG42yVg5fr95gRmh9wUi3tvvKA=="
  "resolved" "https://registry.npmmirror.com/atguigu_zds/-/atguigu_zds-1.0.0.tgz"
  "version" "1.0.0"
